{
  "object": {
    "pins": [
      {
        "package": "SwiftGodot",
        "repositoryURL": "https://github.com/migueldeicaza/SwiftGodot",
        "state": {
          "branch": null,
          "revision": "20d2d7a35d2ad392ec556219ea004da14ab7c1d4",
          "version": null
        }
      }
    ]
  },
  "version": 1
}
